
Microsoft Visual Studio Solution File, Format Version 12.00
# Visual Studio 14
VisualStudioVersion = 14.0.24720.0
MinimumVisualStudioVersion = 10.0.40219.1
Project("{FAE04EC0-301F-11D3-BF4B-00C04F79EFBC}") = "01.LeapYear", "01.LeapYear\01.LeapYear.csproj", "{1D3BEDE6-CC60-406A-8359-8B3F6BA5775B}"
EndProject
Project("{FAE04EC0-301F-11D3-BF4B-00C04F79EFBC}") = "02.TriangleSurface", "02.TriangleSurface\02.TriangleSurface.csproj", "{606BEA25-34E7-4AE4-BF6B-81E64424915B}"
EndProject
Project("{FAE04EC0-301F-11D3-BF4B-00C04F79EFBC}") = "05.TriangleSurfByThreeSides", "05.TriangleSurfByThreeSides\05.TriangleSurfByThreeSides.csproj", "{AF55C07E-24ED-46E7-BEF0-7CC37DD2A97D}"
EndProject
Project("{FAE04EC0-301F-11D3-BF4B-00C04F79EFBC}") = "06.SidesAndAngle", "06.SidesAndAngle\06.SidesAndAngle.csproj", "{061F7128-F72A-4C90-BDA0-779AF6EA44A5}"
EndProject
Project("{FAE04EC0-301F-11D3-BF4B-00C04F79EFBC}") = "08.SumOfIntegers", "08.SumOfIntegers\08.SumOfIntegers.csproj", "{3FEE2ACF-1119-47AF-9D6F-BA8FDA91BB4C}"
EndProject
Project("{FAE04EC0-301F-11D3-BF4B-00C04F79EFBC}") = "Test", "Test\Test.csproj", "{CBF678A3-E371-4EDB-B9E2-1C3F85668454}"
EndProject
Global
	GlobalSection(SolutionConfigurationPlatforms) = preSolution
		Debug|Any CPU = Debug|Any CPU
		Release|Any CPU = Release|Any CPU
	EndGlobalSection
	GlobalSection(ProjectConfigurationPlatforms) = postSolution
		{1D3BEDE6-CC60-406A-8359-8B3F6BA5775B}.Debug|Any CPU.ActiveCfg = Debug|Any CPU
		{1D3BEDE6-CC60-406A-8359-8B3F6BA5775B}.Debug|Any CPU.Build.0 = Debug|Any CPU
		{1D3BEDE6-CC60-406A-8359-8B3F6BA5775B}.Release|Any CPU.ActiveCfg = Release|Any CPU
		{1D3BEDE6-CC60-406A-8359-8B3F6BA5775B}.Release|Any CPU.Build.0 = Release|Any CPU
		{606BEA25-34E7-4AE4-BF6B-81E64424915B}.Debug|Any CPU.ActiveCfg = Debug|Any CPU
		{606BEA25-34E7-4AE4-BF6B-81E64424915B}.Debug|Any CPU.Build.0 = Debug|Any CPU
		{606BEA25-34E7-4AE4-BF6B-81E64424915B}.Release|Any CPU.ActiveCfg = Release|Any CPU
		{606BEA25-34E7-4AE4-BF6B-81E64424915B}.Release|Any CPU.Build.0 = Release|Any CPU
		{AF55C07E-24ED-46E7-BEF0-7CC37DD2A97D}.Debug|Any CPU.ActiveCfg = Debug|Any CPU
		{AF55C07E-24ED-46E7-BEF0-7CC37DD2A97D}.Debug|Any CPU.Build.0 = Debug|Any CPU
		{AF55C07E-24ED-46E7-BEF0-7CC37DD2A97D}.Release|Any CPU.ActiveCfg = Release|Any CPU
		{AF55C07E-24ED-46E7-BEF0-7CC37DD2A97D}.Release|Any CPU.Build.0 = Release|Any CPU
		{061F7128-F72A-4C90-BDA0-779AF6EA44A5}.Debug|Any CPU.ActiveCfg = Debug|Any CPU
		{061F7128-F72A-4C90-BDA0-779AF6EA44A5}.Debug|Any CPU.Build.0 = Debug|Any CPU
		{061F7128-F72A-4C90-BDA0-779AF6EA44A5}.Release|Any CPU.ActiveCfg = Release|Any CPU
		{061F7128-F72A-4C90-BDA0-779AF6EA44A5}.Release|Any CPU.Build.0 = Release|Any CPU
		{3FEE2ACF-1119-47AF-9D6F-BA8FDA91BB4C}.Debug|Any CPU.ActiveCfg = Debug|Any CPU
		{3FEE2ACF-1119-47AF-9D6F-BA8FDA91BB4C}.Debug|Any CPU.Build.0 = Debug|Any CPU
		{3FEE2ACF-1119-47AF-9D6F-BA8FDA91BB4C}.Release|Any CPU.ActiveCfg = Release|Any CPU
		{3FEE2ACF-1119-47AF-9D6F-BA8FDA91BB4C}.Release|Any CPU.Build.0 = Release|Any CPU
		{CBF678A3-E371-4EDB-B9E2-1C3F85668454}.Debug|Any CPU.ActiveCfg = Debug|Any CPU
		{CBF678A3-E371-4EDB-B9E2-1C3F85668454}.Debug|Any CPU.Build.0 = Debug|Any CPU
		{CBF678A3-E371-4EDB-B9E2-1C3F85668454}.Release|Any CPU.ActiveCfg = Release|Any CPU
		{CBF678A3-E371-4EDB-B9E2-1C3F85668454}.Release|Any CPU.Build.0 = Release|Any CPU
	EndGlobalSection
	GlobalSection(SolutionProperties) = preSolution
		HideSolutionNode = FALSE
	EndGlobalSection
EndGlobal
