
Microsoft Visual Studio Solution File, Format Version 12.00
# Visual Studio 14
VisualStudioVersion = 14.0.24720.0
MinimumVisualStudioVersion = 10.0.40219.1
Project("{FAE04EC0-301F-11D3-BF4B-00C04F79EFBC}") = "01.ReverseString", "01.ReverseString\01.ReverseString.csproj", "{404E2384-FD9D-41E6-BAA6-EB100FC8ECAE}"
EndProject
Project("{FAE04EC0-301F-11D3-BF4B-00C04F79EFBC}") = "02.CorrectBrackets", "02.CorrectBrackets\02.CorrectBrackets.csproj", "{71A12C14-2B22-407C-843D-C83710E3DDB7}"
EndProject
Project("{FAE04EC0-301F-11D3-BF4B-00C04F79EFBC}") = "04.SubstringInText", "04.SubstringInText\04.SubstringInText.csproj", "{A854E232-FC21-46A7-8D6A-E06761C13783}"
EndProject
Project("{FAE04EC0-301F-11D3-BF4B-00C04F79EFBC}") = "05.ParseTags", "05.ParseTags\05.ParseTags.csproj", "{43F994CF-B588-4C38-BDF6-5690BA17E377}"
EndProject
Project("{FAE04EC0-301F-11D3-BF4B-00C04F79EFBC}") = "06.StringLength", "06.StringLength\06.StringLength.csproj", "{64AE6284-AF51-406B-A8D5-4ACE69D729F0}"
EndProject
Project("{FAE04EC0-301F-11D3-BF4B-00C04F79EFBC}") = "08.ExtractSentences", "08.ExtractSentences\08.ExtractSentences.csproj", "{89D9CB4F-C05C-4268-BDD8-06DD401C18D7}"
EndProject
Project("{FAE04EC0-301F-11D3-BF4B-00C04F79EFBC}") = "Test 2", "Test 2\Test 2.csproj", "{843BA7A3-955F-4230-AEC0-8A96FF2A0895}"
EndProject
Project("{FAE04EC0-301F-11D3-BF4B-00C04F79EFBC}") = "10.UnicodeChars", "10.UnicodeChars\10.UnicodeChars.csproj", "{3A0D2482-A237-4D22-A1F1-1D5CFD7F790E}"
EndProject
Project("{FAE04EC0-301F-11D3-BF4B-00C04F79EFBC}") = "12.ParsingURL", "12.ParsingURL\12.ParsingURL.csproj", "{2E5530FD-F595-4E06-8AEC-DEEDD9AABDA2}"
EndProject
Project("{FAE04EC0-301F-11D3-BF4B-00C04F79EFBC}") = "23.SeriesOfLetters", "23.SeriesOfLetters\23.SeriesOfLetters.csproj", "{ECEC7355-C041-425B-BAC3-A2A3FC0D626D}"
EndProject
Project("{FAE04EC0-301F-11D3-BF4B-00C04F79EFBC}") = "15.ReplaceTags", "15.ReplaceTags\15.ReplaceTags.csproj", "{9EC8A78C-FA31-49DC-9EE2-B58E426561CD}"
EndProject
Global
	GlobalSection(SolutionConfigurationPlatforms) = preSolution
		Debug|Any CPU = Debug|Any CPU
		Release|Any CPU = Release|Any CPU
	EndGlobalSection
	GlobalSection(ProjectConfigurationPlatforms) = postSolution
		{404E2384-FD9D-41E6-BAA6-EB100FC8ECAE}.Debug|Any CPU.ActiveCfg = Debug|Any CPU
		{404E2384-FD9D-41E6-BAA6-EB100FC8ECAE}.Debug|Any CPU.Build.0 = Debug|Any CPU
		{404E2384-FD9D-41E6-BAA6-EB100FC8ECAE}.Release|Any CPU.ActiveCfg = Release|Any CPU
		{404E2384-FD9D-41E6-BAA6-EB100FC8ECAE}.Release|Any CPU.Build.0 = Release|Any CPU
		{71A12C14-2B22-407C-843D-C83710E3DDB7}.Debug|Any CPU.ActiveCfg = Debug|Any CPU
		{71A12C14-2B22-407C-843D-C83710E3DDB7}.Debug|Any CPU.Build.0 = Debug|Any CPU
		{71A12C14-2B22-407C-843D-C83710E3DDB7}.Release|Any CPU.ActiveCfg = Release|Any CPU
		{71A12C14-2B22-407C-843D-C83710E3DDB7}.Release|Any CPU.Build.0 = Release|Any CPU
		{A854E232-FC21-46A7-8D6A-E06761C13783}.Debug|Any CPU.ActiveCfg = Debug|Any CPU
		{A854E232-FC21-46A7-8D6A-E06761C13783}.Debug|Any CPU.Build.0 = Debug|Any CPU
		{A854E232-FC21-46A7-8D6A-E06761C13783}.Release|Any CPU.ActiveCfg = Release|Any CPU
		{A854E232-FC21-46A7-8D6A-E06761C13783}.Release|Any CPU.Build.0 = Release|Any CPU
		{43F994CF-B588-4C38-BDF6-5690BA17E377}.Debug|Any CPU.ActiveCfg = Debug|Any CPU
		{43F994CF-B588-4C38-BDF6-5690BA17E377}.Debug|Any CPU.Build.0 = Debug|Any CPU
		{43F994CF-B588-4C38-BDF6-5690BA17E377}.Release|Any CPU.ActiveCfg = Release|Any CPU
		{43F994CF-B588-4C38-BDF6-5690BA17E377}.Release|Any CPU.Build.0 = Release|Any CPU
		{64AE6284-AF51-406B-A8D5-4ACE69D729F0}.Debug|Any CPU.ActiveCfg = Debug|Any CPU
		{64AE6284-AF51-406B-A8D5-4ACE69D729F0}.Debug|Any CPU.Build.0 = Debug|Any CPU
		{64AE6284-AF51-406B-A8D5-4ACE69D729F0}.Release|Any CPU.ActiveCfg = Release|Any CPU
		{64AE6284-AF51-406B-A8D5-4ACE69D729F0}.Release|Any CPU.Build.0 = Release|Any CPU
		{89D9CB4F-C05C-4268-BDD8-06DD401C18D7}.Debug|Any CPU.ActiveCfg = Debug|Any CPU
		{89D9CB4F-C05C-4268-BDD8-06DD401C18D7}.Debug|Any CPU.Build.0 = Debug|Any CPU
		{89D9CB4F-C05C-4268-BDD8-06DD401C18D7}.Release|Any CPU.ActiveCfg = Release|Any CPU
		{89D9CB4F-C05C-4268-BDD8-06DD401C18D7}.Release|Any CPU.Build.0 = Release|Any CPU
		{843BA7A3-955F-4230-AEC0-8A96FF2A0895}.Debug|Any CPU.ActiveCfg = Debug|Any CPU
		{843BA7A3-955F-4230-AEC0-8A96FF2A0895}.Debug|Any CPU.Build.0 = Debug|Any CPU
		{843BA7A3-955F-4230-AEC0-8A96FF2A0895}.Release|Any CPU.ActiveCfg = Release|Any CPU
		{843BA7A3-955F-4230-AEC0-8A96FF2A0895}.Release|Any CPU.Build.0 = Release|Any CPU
		{3A0D2482-A237-4D22-A1F1-1D5CFD7F790E}.Debug|Any CPU.ActiveCfg = Debug|Any CPU
		{3A0D2482-A237-4D22-A1F1-1D5CFD7F790E}.Debug|Any CPU.Build.0 = Debug|Any CPU
		{3A0D2482-A237-4D22-A1F1-1D5CFD7F790E}.Release|Any CPU.ActiveCfg = Release|Any CPU
		{3A0D2482-A237-4D22-A1F1-1D5CFD7F790E}.Release|Any CPU.Build.0 = Release|Any CPU
		{2E5530FD-F595-4E06-8AEC-DEEDD9AABDA2}.Debug|Any CPU.ActiveCfg = Debug|Any CPU
		{2E5530FD-F595-4E06-8AEC-DEEDD9AABDA2}.Debug|Any CPU.Build.0 = Debug|Any CPU
		{2E5530FD-F595-4E06-8AEC-DEEDD9AABDA2}.Release|Any CPU.ActiveCfg = Release|Any CPU
		{2E5530FD-F595-4E06-8AEC-DEEDD9AABDA2}.Release|Any CPU.Build.0 = Release|Any CPU
		{ECEC7355-C041-425B-BAC3-A2A3FC0D626D}.Debug|Any CPU.ActiveCfg = Debug|Any CPU
		{ECEC7355-C041-425B-BAC3-A2A3FC0D626D}.Debug|Any CPU.Build.0 = Debug|Any CPU
		{ECEC7355-C041-425B-BAC3-A2A3FC0D626D}.Release|Any CPU.ActiveCfg = Release|Any CPU
		{ECEC7355-C041-425B-BAC3-A2A3FC0D626D}.Release|Any CPU.Build.0 = Release|Any CPU
		{9EC8A78C-FA31-49DC-9EE2-B58E426561CD}.Debug|Any CPU.ActiveCfg = Debug|Any CPU
		{9EC8A78C-FA31-49DC-9EE2-B58E426561CD}.Debug|Any CPU.Build.0 = Debug|Any CPU
		{9EC8A78C-FA31-49DC-9EE2-B58E426561CD}.Release|Any CPU.ActiveCfg = Release|Any CPU
		{9EC8A78C-FA31-49DC-9EE2-B58E426561CD}.Release|Any CPU.Build.0 = Release|Any CPU
	EndGlobalSection
	GlobalSection(SolutionProperties) = preSolution
		HideSolutionNode = FALSE
	EndGlobalSection
EndGlobal
