
Microsoft Visual Studio Solution File, Format Version 12.00
# Visual Studio 15
VisualStudioVersion = 15.0.26430.12
MinimumVisualStudioVersion = 10.0.40219.1
Project("{FAE04EC0-301F-11D3-BF4B-00C04F79EFBC}") = "Rabin-Karp", "Rabin-Karp\Rabin-Karp.csproj", "{ED307205-A01F-4E65-8DC3-36BEBA51889D}"
EndProject
Project("{FAE04EC0-301F-11D3-BF4B-00C04F79EFBC}") = "KMP", "KMP\KMP.csproj", "{DCC37985-30CB-4273-A232-64C18960B660}"
EndProject
Project("{FAE04EC0-301F-11D3-BF4B-00C04F79EFBC}") = "Aho-Corasik", "Aho-Corasik\Aho-Corasik.csproj", "{5FB3BFE4-ECB5-4354-A353-95C4FB4CF834}"
EndProject
Global
	GlobalSection(SolutionConfigurationPlatforms) = preSolution
		Debug|Any CPU = Debug|Any CPU
		Release|Any CPU = Release|Any CPU
	EndGlobalSection
	GlobalSection(ProjectConfigurationPlatforms) = postSolution
		{ED307205-A01F-4E65-8DC3-36BEBA51889D}.Debug|Any CPU.ActiveCfg = Debug|Any CPU
		{ED307205-A01F-4E65-8DC3-36BEBA51889D}.Debug|Any CPU.Build.0 = Debug|Any CPU
		{ED307205-A01F-4E65-8DC3-36BEBA51889D}.Release|Any CPU.ActiveCfg = Release|Any CPU
		{ED307205-A01F-4E65-8DC3-36BEBA51889D}.Release|Any CPU.Build.0 = Release|Any CPU
		{DCC37985-30CB-4273-A232-64C18960B660}.Debug|Any CPU.ActiveCfg = Debug|Any CPU
		{DCC37985-30CB-4273-A232-64C18960B660}.Debug|Any CPU.Build.0 = Debug|Any CPU
		{DCC37985-30CB-4273-A232-64C18960B660}.Release|Any CPU.ActiveCfg = Release|Any CPU
		{DCC37985-30CB-4273-A232-64C18960B660}.Release|Any CPU.Build.0 = Release|Any CPU
		{5FB3BFE4-ECB5-4354-A353-95C4FB4CF834}.Debug|Any CPU.ActiveCfg = Debug|Any CPU
		{5FB3BFE4-ECB5-4354-A353-95C4FB4CF834}.Debug|Any CPU.Build.0 = Debug|Any CPU
		{5FB3BFE4-ECB5-4354-A353-95C4FB4CF834}.Release|Any CPU.ActiveCfg = Release|Any CPU
		{5FB3BFE4-ECB5-4354-A353-95C4FB4CF834}.Release|Any CPU.Build.0 = Release|Any CPU
	EndGlobalSection
	GlobalSection(SolutionProperties) = preSolution
		HideSolutionNode = FALSE
	EndGlobalSection
EndGlobal
