
Microsoft Visual Studio Solution File, Format Version 12.00
# Visual Studio 14
VisualStudioVersion = 14.0.25420.1
MinimumVisualStudioVersion = 10.0.40219.1
Project("{FAE04EC0-301F-11D3-BF4B-00C04F79EFBC}") = "DatabaseManipulation", "DatabaseManipulation\DatabaseManipulation.csproj", "{F7A0CAFD-00F0-406E-9C46-EB3318B66BA1}"
EndProject
Project("{FAE04EC0-301F-11D3-BF4B-00C04F79EFBC}") = "CreatingTwinDatabase", "CreatingTwinDatabase\CreatingTwinDatabase.csproj", "{E16E3CA4-1F47-4399-A108-6C846B0A3022}"
EndProject
Project("{FAE04EC0-301F-11D3-BF4B-00C04F79EFBC}") = "ConcurrentDbChanges", "ConcurrentDbChanges\ConcurrentDbChanges.csproj", "{35EBE657-FB86-4056-91E6-D4BC645659B5}"
EndProject
Global
	GlobalSection(SolutionConfigurationPlatforms) = preSolution
		Debug|Any CPU = Debug|Any CPU
		Release|Any CPU = Release|Any CPU
	EndGlobalSection
	GlobalSection(ProjectConfigurationPlatforms) = postSolution
		{F7A0CAFD-00F0-406E-9C46-EB3318B66BA1}.Debug|Any CPU.ActiveCfg = Debug|Any CPU
		{F7A0CAFD-00F0-406E-9C46-EB3318B66BA1}.Debug|Any CPU.Build.0 = Debug|Any CPU
		{F7A0CAFD-00F0-406E-9C46-EB3318B66BA1}.Release|Any CPU.ActiveCfg = Release|Any CPU
		{F7A0CAFD-00F0-406E-9C46-EB3318B66BA1}.Release|Any CPU.Build.0 = Release|Any CPU
		{E16E3CA4-1F47-4399-A108-6C846B0A3022}.Debug|Any CPU.ActiveCfg = Debug|Any CPU
		{E16E3CA4-1F47-4399-A108-6C846B0A3022}.Debug|Any CPU.Build.0 = Debug|Any CPU
		{E16E3CA4-1F47-4399-A108-6C846B0A3022}.Release|Any CPU.ActiveCfg = Release|Any CPU
		{E16E3CA4-1F47-4399-A108-6C846B0A3022}.Release|Any CPU.Build.0 = Release|Any CPU
		{35EBE657-FB86-4056-91E6-D4BC645659B5}.Debug|Any CPU.ActiveCfg = Debug|Any CPU
		{35EBE657-FB86-4056-91E6-D4BC645659B5}.Debug|Any CPU.Build.0 = Debug|Any CPU
		{35EBE657-FB86-4056-91E6-D4BC645659B5}.Release|Any CPU.ActiveCfg = Release|Any CPU
		{35EBE657-FB86-4056-91E6-D4BC645659B5}.Release|Any CPU.Build.0 = Release|Any CPU
	EndGlobalSection
	GlobalSection(SolutionProperties) = preSolution
		HideSolutionNode = FALSE
	EndGlobalSection
EndGlobal
