
Microsoft Visual Studio Solution File, Format Version 12.00
# Visual Studio 14
VisualStudioVersion = 14.0.25420.1
MinimumVisualStudioVersion = 10.0.40219.1
Project("{FAE04EC0-301F-11D3-BF4B-00C04F79EFBC}") = "01.BinaryPasswords", "01.BinaryPasswords\01.BinaryPasswords.csproj", "{60BBB096-18D2-47BA-B129-8835DC74E001}"
EndProject
Project("{FAE04EC0-301F-11D3-BF4B-00C04F79EFBC}") = "04.ColorfulBalls", "04.ColorfulBalls\04.ColorfulBalls.csproj", "{D78E9868-A0BC-4989-8240-2B2BEECC3532}"
EndProject
Global
	GlobalSection(SolutionConfigurationPlatforms) = preSolution
		Debug|Any CPU = Debug|Any CPU
		Release|Any CPU = Release|Any CPU
	EndGlobalSection
	GlobalSection(ProjectConfigurationPlatforms) = postSolution
		{60BBB096-18D2-47BA-B129-8835DC74E001}.Debug|Any CPU.ActiveCfg = Debug|Any CPU
		{60BBB096-18D2-47BA-B129-8835DC74E001}.Debug|Any CPU.Build.0 = Debug|Any CPU
		{60BBB096-18D2-47BA-B129-8835DC74E001}.Release|Any CPU.ActiveCfg = Release|Any CPU
		{60BBB096-18D2-47BA-B129-8835DC74E001}.Release|Any CPU.Build.0 = Release|Any CPU
		{D78E9868-A0BC-4989-8240-2B2BEECC3532}.Debug|Any CPU.ActiveCfg = Debug|Any CPU
		{D78E9868-A0BC-4989-8240-2B2BEECC3532}.Debug|Any CPU.Build.0 = Debug|Any CPU
		{D78E9868-A0BC-4989-8240-2B2BEECC3532}.Release|Any CPU.ActiveCfg = Release|Any CPU
		{D78E9868-A0BC-4989-8240-2B2BEECC3532}.Release|Any CPU.Build.0 = Release|Any CPU
	EndGlobalSection
	GlobalSection(SolutionProperties) = preSolution
		HideSolutionNode = FALSE
	EndGlobalSection
EndGlobal
