
Microsoft Visual Studio Solution File, Format Version 12.00
# Visual Studio 14
VisualStudioVersion = 14.0.25420.1
MinimumVisualStudioVersion = 10.0.40219.1
Project("{FAE04EC0-301F-11D3-BF4B-00C04F79EFBC}") = "01.Feathers", "01.Feathers\01.Feathers.csproj", "{80FE3911-2D99-466C-9D79-3598AF04F9AB}"
EndProject
Project("{FAE04EC0-301F-11D3-BF4B-00C04F79EFBC}") = "02.Busses", "02.Busses\02.Busses.csproj", "{BC9BBBC8-94E1-4873-88DF-FAD4FB98325E}"
EndProject
Project("{FAE04EC0-301F-11D3-BF4B-00C04F79EFBC}") = "03.NumberOfPages", "03.NumberOfPages\03.NumberOfPages.csproj", "{F972557B-6064-450F-B35B-84B88547E3D9}"
EndProject
Project("{FAE04EC0-301F-11D3-BF4B-00C04F79EFBC}") = "04.Batman", "04.Batman\04.Batman.csproj", "{952FFABA-24A3-4828-B401-23DEB2694264}"
EndProject
Project("{FAE04EC0-301F-11D3-BF4B-00C04F79EFBC}") = "05.BobbyAvokadoto", "05.BobbyAvokadoto\05.BobbyAvokadoto.csproj", "{02ABE4EB-D827-48FF-BD18-0DE584BB3171}"
EndProject
Global
	GlobalSection(SolutionConfigurationPlatforms) = preSolution
		Debug|Any CPU = Debug|Any CPU
		Release|Any CPU = Release|Any CPU
	EndGlobalSection
	GlobalSection(ProjectConfigurationPlatforms) = postSolution
		{80FE3911-2D99-466C-9D79-3598AF04F9AB}.Debug|Any CPU.ActiveCfg = Debug|Any CPU
		{80FE3911-2D99-466C-9D79-3598AF04F9AB}.Debug|Any CPU.Build.0 = Debug|Any CPU
		{80FE3911-2D99-466C-9D79-3598AF04F9AB}.Release|Any CPU.ActiveCfg = Release|Any CPU
		{80FE3911-2D99-466C-9D79-3598AF04F9AB}.Release|Any CPU.Build.0 = Release|Any CPU
		{BC9BBBC8-94E1-4873-88DF-FAD4FB98325E}.Debug|Any CPU.ActiveCfg = Debug|Any CPU
		{BC9BBBC8-94E1-4873-88DF-FAD4FB98325E}.Debug|Any CPU.Build.0 = Debug|Any CPU
		{BC9BBBC8-94E1-4873-88DF-FAD4FB98325E}.Release|Any CPU.ActiveCfg = Release|Any CPU
		{BC9BBBC8-94E1-4873-88DF-FAD4FB98325E}.Release|Any CPU.Build.0 = Release|Any CPU
		{F972557B-6064-450F-B35B-84B88547E3D9}.Debug|Any CPU.ActiveCfg = Debug|Any CPU
		{F972557B-6064-450F-B35B-84B88547E3D9}.Debug|Any CPU.Build.0 = Debug|Any CPU
		{F972557B-6064-450F-B35B-84B88547E3D9}.Release|Any CPU.ActiveCfg = Release|Any CPU
		{F972557B-6064-450F-B35B-84B88547E3D9}.Release|Any CPU.Build.0 = Release|Any CPU
		{952FFABA-24A3-4828-B401-23DEB2694264}.Debug|Any CPU.ActiveCfg = Debug|Any CPU
		{952FFABA-24A3-4828-B401-23DEB2694264}.Debug|Any CPU.Build.0 = Debug|Any CPU
		{952FFABA-24A3-4828-B401-23DEB2694264}.Release|Any CPU.ActiveCfg = Release|Any CPU
		{952FFABA-24A3-4828-B401-23DEB2694264}.Release|Any CPU.Build.0 = Release|Any CPU
		{02ABE4EB-D827-48FF-BD18-0DE584BB3171}.Debug|Any CPU.ActiveCfg = Debug|Any CPU
		{02ABE4EB-D827-48FF-BD18-0DE584BB3171}.Debug|Any CPU.Build.0 = Debug|Any CPU
		{02ABE4EB-D827-48FF-BD18-0DE584BB3171}.Release|Any CPU.ActiveCfg = Release|Any CPU
		{02ABE4EB-D827-48FF-BD18-0DE584BB3171}.Release|Any CPU.Build.0 = Release|Any CPU
	EndGlobalSection
	GlobalSection(SolutionProperties) = preSolution
		HideSolutionNode = FALSE
	EndGlobalSection
EndGlobal
