
Microsoft Visual Studio Solution File, Format Version 12.00
# Visual Studio 14
VisualStudioVersion = 14.0.25420.1
MinimumVisualStudioVersion = 10.0.40219.1
Project("{FAE04EC0-301F-11D3-BF4B-00C04F79EFBC}") = "CodeFirst.Data", "CodeFirst.Data\CodeFirst.Data.csproj", "{86A560E3-E3D3-4D5A-9E00-B18137406B2F}"
EndProject
Project("{FAE04EC0-301F-11D3-BF4B-00C04F79EFBC}") = "CodeFirst.Models", "CodeFirst.Models\CodeFirst.Models.csproj", "{AADC6618-58EB-42B8-A54B-5F56817BF261}"
EndProject
Project("{FAE04EC0-301F-11D3-BF4B-00C04F79EFBC}") = "CodeFirst.App", "CodeFirst.App\CodeFirst.App.csproj", "{5EBA3D0F-CD1D-45F0-902F-AD592F1FC4B1}"
EndProject
Global
	GlobalSection(SolutionConfigurationPlatforms) = preSolution
		Debug|Any CPU = Debug|Any CPU
		Release|Any CPU = Release|Any CPU
	EndGlobalSection
	GlobalSection(ProjectConfigurationPlatforms) = postSolution
		{86A560E3-E3D3-4D5A-9E00-B18137406B2F}.Debug|Any CPU.ActiveCfg = Debug|Any CPU
		{86A560E3-E3D3-4D5A-9E00-B18137406B2F}.Debug|Any CPU.Build.0 = Debug|Any CPU
		{86A560E3-E3D3-4D5A-9E00-B18137406B2F}.Release|Any CPU.ActiveCfg = Release|Any CPU
		{86A560E3-E3D3-4D5A-9E00-B18137406B2F}.Release|Any CPU.Build.0 = Release|Any CPU
		{AADC6618-58EB-42B8-A54B-5F56817BF261}.Debug|Any CPU.ActiveCfg = Debug|Any CPU
		{AADC6618-58EB-42B8-A54B-5F56817BF261}.Debug|Any CPU.Build.0 = Debug|Any CPU
		{AADC6618-58EB-42B8-A54B-5F56817BF261}.Release|Any CPU.ActiveCfg = Release|Any CPU
		{AADC6618-58EB-42B8-A54B-5F56817BF261}.Release|Any CPU.Build.0 = Release|Any CPU
		{5EBA3D0F-CD1D-45F0-902F-AD592F1FC4B1}.Debug|Any CPU.ActiveCfg = Debug|Any CPU
		{5EBA3D0F-CD1D-45F0-902F-AD592F1FC4B1}.Debug|Any CPU.Build.0 = Debug|Any CPU
		{5EBA3D0F-CD1D-45F0-902F-AD592F1FC4B1}.Release|Any CPU.ActiveCfg = Release|Any CPU
		{5EBA3D0F-CD1D-45F0-902F-AD592F1FC4B1}.Release|Any CPU.Build.0 = Release|Any CPU
	EndGlobalSection
	GlobalSection(SolutionProperties) = preSolution
		HideSolutionNode = FALSE
	EndGlobalSection
EndGlobal
