
Microsoft Visual Studio Solution File, Format Version 12.00
# Visual Studio 14
VisualStudioVersion = 14.0.24720.0
MinimumVisualStudioVersion = 10.0.40219.1
Project("{FAE04EC0-301F-11D3-BF4B-00C04F79EFBC}") = "02.BinaryToDec", "02.BinaryToDec\02.BinaryToDec.csproj", "{FBE639F2-5810-4EA1-B0FB-D27436991028}"
EndProject
Project("{FAE04EC0-301F-11D3-BF4B-00C04F79EFBC}") = "01.DecToBinary", "01.DecToBinary\01.DecToBinary.csproj", "{86222E29-0C13-436E-A1DD-F81BD1951797}"
EndProject
Project("{FAE04EC0-301F-11D3-BF4B-00C04F79EFBC}") = "03.DecimalToHex", "03.DecimalToHex\03.DecimalToHex.csproj", "{2DB73B06-F58E-44C3-B756-50679DB25836}"
EndProject
Project("{FAE04EC0-301F-11D3-BF4B-00C04F79EFBC}") = "04.HexToDecimal", "04.HexToDecimal\04.HexToDecimal.csproj", "{A93F4391-46CB-40D5-A87A-46F56943D476}"
EndProject
Project("{FAE04EC0-301F-11D3-BF4B-00C04F79EFBC}") = "06.BinaryToHex", "06.BinaryToHex\06.BinaryToHex.csproj", "{11D3DE71-FD9C-4BBD-8B2B-F97F920BFA9E}"
EndProject
Project("{FAE04EC0-301F-11D3-BF4B-00C04F79EFBC}") = "05.HexToBinary", "05.HexToBinary\05.HexToBinary.csproj", "{D508974E-E7E2-460E-A4F6-4F49600F7825}"
EndProject
Project("{FAE04EC0-301F-11D3-BF4B-00C04F79EFBC}") = "07.OneSystemToAnother", "07.OneSystemToAnother\07.OneSystemToAnother.csproj", "{5D5E3504-6444-4AB8-9DBE-603AB1EDFB5E}"
EndProject
Project("{FAE04EC0-301F-11D3-BF4B-00C04F79EFBC}") = "08.BinaryShort", "08.BinaryShort\08.BinaryShort.csproj", "{888DEA0D-AF12-4A02-ADAC-DEB5D16C9130}"
EndProject
Project("{FAE04EC0-301F-11D3-BF4B-00C04F79EFBC}") = "Test", "Test\Test.csproj", "{CDFEC94F-2120-4D15-B677-9E79AC7C74E4}"
EndProject
Global
	GlobalSection(SolutionConfigurationPlatforms) = preSolution
		Debug|Any CPU = Debug|Any CPU
		Release|Any CPU = Release|Any CPU
	EndGlobalSection
	GlobalSection(ProjectConfigurationPlatforms) = postSolution
		{FBE639F2-5810-4EA1-B0FB-D27436991028}.Debug|Any CPU.ActiveCfg = Debug|Any CPU
		{FBE639F2-5810-4EA1-B0FB-D27436991028}.Debug|Any CPU.Build.0 = Debug|Any CPU
		{FBE639F2-5810-4EA1-B0FB-D27436991028}.Release|Any CPU.ActiveCfg = Release|Any CPU
		{FBE639F2-5810-4EA1-B0FB-D27436991028}.Release|Any CPU.Build.0 = Release|Any CPU
		{86222E29-0C13-436E-A1DD-F81BD1951797}.Debug|Any CPU.ActiveCfg = Debug|Any CPU
		{86222E29-0C13-436E-A1DD-F81BD1951797}.Debug|Any CPU.Build.0 = Debug|Any CPU
		{86222E29-0C13-436E-A1DD-F81BD1951797}.Release|Any CPU.ActiveCfg = Release|Any CPU
		{86222E29-0C13-436E-A1DD-F81BD1951797}.Release|Any CPU.Build.0 = Release|Any CPU
		{2DB73B06-F58E-44C3-B756-50679DB25836}.Debug|Any CPU.ActiveCfg = Debug|Any CPU
		{2DB73B06-F58E-44C3-B756-50679DB25836}.Debug|Any CPU.Build.0 = Debug|Any CPU
		{2DB73B06-F58E-44C3-B756-50679DB25836}.Release|Any CPU.ActiveCfg = Release|Any CPU
		{2DB73B06-F58E-44C3-B756-50679DB25836}.Release|Any CPU.Build.0 = Release|Any CPU
		{A93F4391-46CB-40D5-A87A-46F56943D476}.Debug|Any CPU.ActiveCfg = Debug|Any CPU
		{A93F4391-46CB-40D5-A87A-46F56943D476}.Debug|Any CPU.Build.0 = Debug|Any CPU
		{A93F4391-46CB-40D5-A87A-46F56943D476}.Release|Any CPU.ActiveCfg = Release|Any CPU
		{A93F4391-46CB-40D5-A87A-46F56943D476}.Release|Any CPU.Build.0 = Release|Any CPU
		{11D3DE71-FD9C-4BBD-8B2B-F97F920BFA9E}.Debug|Any CPU.ActiveCfg = Debug|Any CPU
		{11D3DE71-FD9C-4BBD-8B2B-F97F920BFA9E}.Debug|Any CPU.Build.0 = Debug|Any CPU
		{11D3DE71-FD9C-4BBD-8B2B-F97F920BFA9E}.Release|Any CPU.ActiveCfg = Release|Any CPU
		{11D3DE71-FD9C-4BBD-8B2B-F97F920BFA9E}.Release|Any CPU.Build.0 = Release|Any CPU
		{D508974E-E7E2-460E-A4F6-4F49600F7825}.Debug|Any CPU.ActiveCfg = Debug|Any CPU
		{D508974E-E7E2-460E-A4F6-4F49600F7825}.Debug|Any CPU.Build.0 = Debug|Any CPU
		{D508974E-E7E2-460E-A4F6-4F49600F7825}.Release|Any CPU.ActiveCfg = Release|Any CPU
		{D508974E-E7E2-460E-A4F6-4F49600F7825}.Release|Any CPU.Build.0 = Release|Any CPU
		{5D5E3504-6444-4AB8-9DBE-603AB1EDFB5E}.Debug|Any CPU.ActiveCfg = Debug|Any CPU
		{5D5E3504-6444-4AB8-9DBE-603AB1EDFB5E}.Debug|Any CPU.Build.0 = Debug|Any CPU
		{5D5E3504-6444-4AB8-9DBE-603AB1EDFB5E}.Release|Any CPU.ActiveCfg = Release|Any CPU
		{5D5E3504-6444-4AB8-9DBE-603AB1EDFB5E}.Release|Any CPU.Build.0 = Release|Any CPU
		{888DEA0D-AF12-4A02-ADAC-DEB5D16C9130}.Debug|Any CPU.ActiveCfg = Debug|Any CPU
		{888DEA0D-AF12-4A02-ADAC-DEB5D16C9130}.Debug|Any CPU.Build.0 = Debug|Any CPU
		{888DEA0D-AF12-4A02-ADAC-DEB5D16C9130}.Release|Any CPU.ActiveCfg = Release|Any CPU
		{888DEA0D-AF12-4A02-ADAC-DEB5D16C9130}.Release|Any CPU.Build.0 = Release|Any CPU
		{CDFEC94F-2120-4D15-B677-9E79AC7C74E4}.Debug|Any CPU.ActiveCfg = Debug|Any CPU
		{CDFEC94F-2120-4D15-B677-9E79AC7C74E4}.Debug|Any CPU.Build.0 = Debug|Any CPU
		{CDFEC94F-2120-4D15-B677-9E79AC7C74E4}.Release|Any CPU.ActiveCfg = Release|Any CPU
		{CDFEC94F-2120-4D15-B677-9E79AC7C74E4}.Release|Any CPU.Build.0 = Release|Any CPU
	EndGlobalSection
	GlobalSection(SolutionProperties) = preSolution
		HideSolutionNode = FALSE
	EndGlobalSection
EndGlobal
